// !$*UTF8*$!
{
	archiveVersion = 1;
	classes = {
	};
	objectVersion = 51;
	objects = {

/* Begin PBXBuildFile section */
		49228B2024A324EB00CBB1C5 /* RestAnnotation.swift in Sources */ = {isa = PBXBuildFile; fileRef = 49228B1F24A324EB00CBB1C5 /* RestAnnotation.swift */; };
		49228B2224A325A100CBB1C5 /* MyFloatingPanelLayout.swift in Sources */ = {isa = PBXBuildFile; fileRef = 49228B2124A325A100CBB1C5 /* MyFloatingPanelLayout.swift */; };
		49228B2424A3583A00CBB1C5 /* SelectedVC.swift in Sources */ = {isa = PBXBuildFile; fileRef = 49228B2324A3583A00CBB1C5 /* SelectedVC.swift */; };
		49228B2624A3769000CBB1C5 /* WebVC.swift in Sources */ = {isa = PBXBuildFile; fileRef = 49228B2524A3769000CBB1C5 /* WebVC.swift */; };
		49228B2824A54F5B00CBB1C5 /* CollectionViewController.swift in Sources */ = {isa = PBXBuildFile; fileRef = 49228B2724A54F5B00CBB1C5 /* CollectionViewController.swift */; };
		49228B2A24A5593C00CBB1C5 /* CollectionViewCell.swift in Sources */ = {isa = PBXBuildFile; fileRef = 49228B2924A5593C00CBB1C5 /* CollectionViewCell.swift */; };
		4959A28C2496DEA400EA4EB1 /* AppDelegate.swift in Sources */ = {isa = PBXBuildFile; fileRef = 4959A28B2496DEA400EA4EB1 /* AppDelegate.swift */; };
		4959A28E2496DEA400EA4EB1 /* SceneDelegate.swift in Sources */ = {isa = PBXBuildFile; fileRef = 4959A28D2496DEA400EA4EB1 /* SceneDelegate.swift */; };
		4959A2902496DEA400EA4EB1 /* MapVC.swift in Sources */ = {isa = PBXBuildFile; fileRef = 4959A28F2496DEA400EA4EB1 /* MapVC.swift */; };
		4959A2932496DEA400EA4EB1 /* Main.storyboard in Resources */ = {isa = PBXBuildFile; fileRef = 4959A2912496DEA400EA4EB1 /* Main.storyboard */; };
		4959A2952496DEA500EA4EB1 /* Assets.xcassets in Resources */ = {isa = PBXBuildFile; fileRef = 4959A2942496DEA500EA4EB1 /* Assets.xcassets */; };
		4959A2982496DEA500EA4EB1 /* LaunchScreen.storyboard in Resources */ = {isa = PBXBuildFile; fileRef = 4959A2962496DEA500EA4EB1 /* LaunchScreen.storyboard */; };
		4959A2A22497472500EA4EB1 /* RestaurantJSON.swift in Sources */ = {isa = PBXBuildFile; fileRef = 4959A2A12497472500EA4EB1 /* RestaurantJSON.swift */; };
		4959A2A42498ABD700EA4EB1 /* RoundButton.swift in Sources */ = {isa = PBXBuildFile; fileRef = 4959A2A32498ABD700EA4EB1 /* RoundButton.swift */; };
		4959A2A62499AED800EA4EB1 /* NetworkFourSquareService.swift in Sources */ = {isa = PBXBuildFile; fileRef = 4959A2A52499AED800EA4EB1 /* NetworkFourSquareService.swift */; };
		4959A2A82499B26900EA4EB1 /* Utility.swift in Sources */ = {isa = PBXBuildFile; fileRef = 4959A2A72499B26900EA4EB1 /* Utility.swift */; };
		4959A2AE2499F79A00EA4EB1 /* NetworkGurunaviService.swift in Sources */ = {isa = PBXBuildFile; fileRef = 4959A2AD2499F79A00EA4EB1 /* NetworkGurunaviService.swift */; };
		4998D768249D8B10002907BD /* SemiModalVC.swift in Sources */ = {isa = PBXBuildFile; fileRef = 4998D767249D8B10002907BD /* SemiModalVC.swift */; };
		4998D76A249EEB70002907BD /* Restaurant.swift in Sources */ = {isa = PBXBuildFile; fileRef = 4998D769249EEB70002907BD /* Restaurant.swift */; };
		4998D76C249EF5E5002907BD /* ResultJSON.swift in Sources */ = {isa = PBXBuildFile; fileRef = 4998D76B249EF5E5002907BD /* ResultJSON.swift */; };
		52935C0D65AD917035951D80 /* Pods_MapFinder.framework in Frameworks */ = {isa = PBXBuildFile; fileRef = 63111E68AD71B1E684D0ECCF /* Pods_MapFinder.framework */; };
/* End PBXBuildFile section */

/* Begin PBXFileReference section */
		0BC987CBC7FF4667DB129B55 /* Pods-MapFinder.release.xcconfig */ = {isa = PBXFileReference; includeInIndex = 1; lastKnownFileType = text.xcconfig; name = "Pods-MapFinder.release.xcconfig"; path = "Target Support Files/Pods-MapFinder/Pods-MapFinder.release.xcconfig"; sourceTree = "<group>"; };
		49228B1F24A324EB00CBB1C5 /* RestAnnotation.swift */ = {isa = PBXFileReference; lastKnownFileType = sourcecode.swift; path = RestAnnotation.swift; sourceTree = "<group>"; };
		49228B2124A325A100CBB1C5 /* MyFloatingPanelLayout.swift */ = {isa = PBXFileReference; lastKnownFileType = sourcecode.swift; path = MyFloatingPanelLayout.swift; sourceTree = "<group>"; };
		49228B2324A3583A00CBB1C5 /* SelectedVC.swift */ = {isa = PBXFileReference; lastKnownFileType = sourcecode.swift; path = SelectedVC.swift; sourceTree = "<group>"; };
		49228B2524A3769000CBB1C5 /* WebVC.swift */ = {isa = PBXFileReference; lastKnownFileType = sourcecode.swift; path = WebVC.swift; sourceTree = "<group>"; };
		49228B2724A54F5B00CBB1C5 /* CollectionViewController.swift */ = {isa = PBXFileReference; lastKnownFileType = sourcecode.swift; path = CollectionViewController.swift; sourceTree = "<group>"; };
		49228B2924A5593C00CBB1C5 /* CollectionViewCell.swift */ = {isa = PBXFileReference; lastKnownFileType = sourcecode.swift; path = CollectionViewCell.swift; sourceTree = "<group>"; };
		4959A2882496DEA400EA4EB1 /* FoodFinder.app */ = {isa = PBXFileReference; explicitFileType = wrapper.application; includeInIndex = 0; path = FoodFinder.app; sourceTree = BUILT_PRODUCTS_DIR; };
		4959A28B2496DEA400EA4EB1 /* AppDelegate.swift */ = {isa = PBXFileReference; lastKnownFileType = sourcecode.swift; path = AppDelegate.swift; sourceTree = "<group>"; };
		4959A28D2496DEA400EA4EB1 /* SceneDelegate.swift */ = {isa = PBXFileReference; lastKnownFileType = sourcecode.swift; path = SceneDelegate.swift; sourceTree = "<group>"; };
		4959A28F2496DEA400EA4EB1 /* MapVC.swift */ = {isa = PBXFileReference; lastKnownFileType = sourcecode.swift; path = MapVC.swift; sourceTree = "<group>"; };
		4959A2922496DEA400EA4EB1 /* Base */ = {isa = PBXFileReference; lastKnownFileType = file.storyboard; name = Base; path = Base.lproj/Main.storyboard; sourceTree = "<group>"; };
		4959A2942496DEA500EA4EB1 /* Assets.xcassets */ = {isa = PBXFileReference; lastKnownFileType = folder.assetcatalog; path = Assets.xcassets; sourceTree = "<group>"; };
		4959A2972496DEA500EA4EB1 /* Base */ = {isa = PBXFileReference; lastKnownFileType = file.storyboard; name = Base; path = Base.lproj/LaunchScreen.storyboard; sourceTree = "<group>"; };
		4959A2992496DEA500EA4EB1 /* Info.plist */ = {isa = PBXFileReference; lastKnownFileType = text.plist.xml; path = Info.plist; sourceTree = "<group>"; };
		4959A29F2496FB4E00EA4EB1 /* ja */ = {isa = PBXFileReference; lastKnownFileType = text.plist.strings; name = ja; path = ja.lproj/Main.strings; sourceTree = "<group>"; };
		4959A2A02496FB4E00EA4EB1 /* ja */ = {isa = PBXFileReference; lastKnownFileType = text.plist.strings; name = ja; path = ja.lproj/LaunchScreen.strings; sourceTree = "<group>"; };
		4959A2A12497472500EA4EB1 /* RestaurantJSON.swift */ = {isa = PBXFileReference; lastKnownFileType = sourcecode.swift; path = RestaurantJSON.swift; sourceTree = "<group>"; };
		4959A2A32498ABD700EA4EB1 /* RoundButton.swift */ = {isa = PBXFileReference; lastKnownFileType = sourcecode.swift; path = RoundButton.swift; sourceTree = "<group>"; };
		4959A2A52499AED800EA4EB1 /* NetworkFourSquareService.swift */ = {isa = PBXFileReference; lastKnownFileType = sourcecode.swift; path = NetworkFourSquareService.swift; sourceTree = "<group>"; };
		4959A2A72499B26900EA4EB1 /* Utility.swift */ = {isa = PBXFileReference; lastKnownFileType = sourcecode.swift; path = Utility.swift; sourceTree = "<group>"; };
		4959A2AD2499F79A00EA4EB1 /* NetworkGurunaviService.swift */ = {isa = PBXFileReference; lastKnownFileType = sourcecode.swift; path = NetworkGurunaviService.swift; sourceTree = "<group>"; };
		4998D767249D8B10002907BD /* SemiModalVC.swift */ = {isa = PBXFileReference; lastKnownFileType = sourcecode.swift; path = SemiModalVC.swift; sourceTree = "<group>"; };
		4998D769249EEB70002907BD /* Restaurant.swift */ = {isa = PBXFileReference; lastKnownFileType = sourcecode.swift; path = Restaurant.swift; sourceTree = "<group>"; };
		4998D76B249EF5E5002907BD /* ResultJSON.swift */ = {isa = PBXFileReference; lastKnownFileType = sourcecode.swift; path = ResultJSON.swift; sourceTree = "<group>"; };
		63111E68AD71B1E684D0ECCF /* Pods_MapFinder.framework */ = {isa = PBXFileReference; explicitFileType = wrapper.framework; includeInIndex = 0; path = Pods_MapFinder.framework; sourceTree = BUILT_PRODUCTS_DIR; };
		D73E4C43A6C1814CEBCAC57E /* Pods-MapFinder.debug.xcconfig */ = {isa = PBXFileReference; includeInIndex = 1; lastKnownFileType = text.xcconfig; name = "Pods-MapFinder.debug.xcconfig"; path = "Target Support Files/Pods-MapFinder/Pods-MapFinder.debug.xcconfig"; sourceTree = "<group>"; };
/* End PBXFileReference section */

/* Begin PBXFrameworksBuildPhase section */
		4959A2852496DEA400EA4EB1 /* Frameworks */ = {
			isa = PBXFrameworksBuildPhase;
			buildActionMask = 2147483647;
			files = (
				52935C0D65AD917035951D80 /* Pods_MapFinder.framework in Frameworks */,
			);
			runOnlyForDeploymentPostprocessing = 0;
		};
/* End PBXFrameworksBuildPhase section */

/* Begin PBXGroup section */
		4959A27F2496DEA400EA4EB1 = {
			isa = PBXGroup;
			children = (
				4959A28A2496DEA400EA4EB1 /* MapFinder */,
				4959A2892496DEA400EA4EB1 /* Products */,
				EB33FAF0818CA90B3B6816E1 /* Pods */,
				50A9A550BF4CC1962BD1D207 /* Frameworks */,
			);
			sourceTree = "<group>";
		};
		4959A2892496DEA400EA4EB1 /* Products */ = {
			isa = PBXGroup;
			children = (
				4959A2882496DEA400EA4EB1 /* FoodFinder.app */,
			);
			name = Products;
			sourceTree = "<group>";
		};
		4959A28A2496DEA400EA4EB1 /* MapFinder */ = {
			isa = PBXGroup;
			children = (
				4998D764249C8C69002907BD /* Network */,
				4998D763249C8C50002907BD /* Model */,
				4998D762249C8C21002907BD /* ViewController */,
				4959A28B2496DEA400EA4EB1 /* AppDelegate.swift */,
				4959A28D2496DEA400EA4EB1 /* SceneDelegate.swift */,
				4959A2912496DEA400EA4EB1 /* Main.storyboard */,
				4959A2942496DEA500EA4EB1 /* Assets.xcassets */,
				4959A2962496DEA500EA4EB1 /* LaunchScreen.storyboard */,
				4959A2992496DEA500EA4EB1 /* Info.plist */,
			);
			path = MapFinder;
			sourceTree = "<group>";
		};
		4998D762249C8C21002907BD /* ViewController */ = {
			isa = PBXGroup;
			children = (
				4959A28F2496DEA400EA4EB1 /* MapVC.swift */,
				4998D767249D8B10002907BD /* SemiModalVC.swift */,
				49228B2124A325A100CBB1C5 /* MyFloatingPanelLayout.swift */,
				49228B2324A3583A00CBB1C5 /* SelectedVC.swift */,
				49228B2524A3769000CBB1C5 /* WebVC.swift */,
				49228B2724A54F5B00CBB1C5 /* CollectionViewController.swift */,
				49228B2924A5593C00CBB1C5 /* CollectionViewCell.swift */,
			);
			path = ViewController;
			sourceTree = "<group>";
		};
		4998D763249C8C50002907BD /* Model */ = {
			isa = PBXGroup;
			children = (
				4959A2A72499B26900EA4EB1 /* Utility.swift */,
				4959A2A32498ABD700EA4EB1 /* RoundButton.swift */,
				4959A2A12497472500EA4EB1 /* RestaurantJSON.swift */,
				4998D769249EEB70002907BD /* Restaurant.swift */,
				4998D76B249EF5E5002907BD /* ResultJSON.swift */,
				49228B1F24A324EB00CBB1C5 /* RestAnnotation.swift */,
			);
			path = Model;
			sourceTree = "<group>";
		};
		4998D764249C8C69002907BD /* Network */ = {
			isa = PBXGroup;
			children = (
				4959A2A52499AED800EA4EB1 /* NetworkFourSquareService.swift */,
				4959A2AD2499F79A00EA4EB1 /* NetworkGurunaviService.swift */,
			);
			path = Network;
			sourceTree = "<group>";
		};
		50A9A550BF4CC1962BD1D207 /* Frameworks */ = {
			isa = PBXGroup;
			children = (
				63111E68AD71B1E684D0ECCF /* Pods_MapFinder.framework */,
			);
			name = Frameworks;
			sourceTree = "<group>";
		};
		EB33FAF0818CA90B3B6816E1 /* Pods */ = {
			isa = PBXGroup;
			children = (
				D73E4C43A6C1814CEBCAC57E /* Pods-MapFinder.debug.xcconfig */,
				0BC987CBC7FF4667DB129B55 /* Pods-MapFinder.release.xcconfig */,
			);
			path = Pods;
			sourceTree = "<group>";
		};
/* End PBXGroup section */

/* Begin PBXNativeTarget section */
		4959A2872496DEA400EA4EB1 /* MapFinder */ = {
			isa = PBXNativeTarget;
			buildConfigurationList = 4959A29C2496DEA500EA4EB1 /* Build configuration list for PBXNativeTarget "MapFinder" */;
			buildPhases = (
				41F6488883F29671D2FD3E2C /* [CP] Check Pods Manifest.lock */,
				4959A2842496DEA400EA4EB1 /* Sources */,
				4959A2852496DEA400EA4EB1 /* Frameworks */,
				4959A2862496DEA400EA4EB1 /* Resources */,
				E566DA6053AF2EF79C49AACD /* [CP] Embed Pods Frameworks */,
			);
			buildRules = (
			);
			dependencies = (
			);
			name = MapFinder;
			productName = MapFinder;
			productReference = 4959A2882496DEA400EA4EB1 /* FoodFinder.app */;
			productType = "com.apple.product-type.application";
		};
/* End PBXNativeTarget section */

/* Begin PBXProject section */
		4959A2802496DEA400EA4EB1 /* Project object */ = {
			isa = PBXProject;
			attributes = {
				LastSwiftUpdateCheck = 1150;
				LastUpgradeCheck = 1150;
				ORGANIZATIONNAME = "Harunobu Agematsu";
				TargetAttributes = {
					4959A2872496DEA400EA4EB1 = {
						CreatedOnToolsVersion = 11.5;
					};
				};
			};
			buildConfigurationList = 4959A2832496DEA400EA4EB1 /* Build configuration list for PBXProject "MapFinder" */;
			compatibilityVersion = "Xcode 9.3";
			developmentRegion = en;
			hasScannedForEncodings = 0;
			knownRegions = (
				en,
				Base,
				ja,
			);
			mainGroup = 4959A27F2496DEA400EA4EB1;
			productRefGroup = 4959A2892496DEA400EA4EB1 /* Products */;
			projectDirPath = "";
			projectRoot = "";
			targets = (
				4959A2872496DEA400EA4EB1 /* MapFinder */,
			);
		};
/* End PBXProject section */

/* Begin PBXResourcesBuildPhase section */
		4959A2862496DEA400EA4EB1 /* Resources */ = {
			isa = PBXResourcesBuildPhase;
			buildActionMask = 2147483647;
			files = (
				4959A2982496DEA500EA4EB1 /* LaunchScreen.storyboard in Resources */,
				4959A2952496DEA500EA4EB1 /* Assets.xcassets in Resources */,
				4959A2932496DEA400EA4EB1 /* Main.storyboard in Resources */,
			);
			runOnlyForDeploymentPostprocessing = 0;
		};
/* End PBXResourcesBuildPhase section */

/* Begin PBXShellScriptBuildPhase section */
		41F6488883F29671D2FD3E2C /* [CP] Check Pods Manifest.lock */ = {
			isa = PBXShellScriptBuildPhase;
			buildActionMask = 2147483647;
			files = (
			);
			inputFileListPaths = (
			);
			inputPaths = (
				"${PODS_PODFILE_DIR_PATH}/Podfile.lock",
				"${PODS_ROOT}/Manifest.lock",
			);
			name = "[CP] Check Pods Manifest.lock";
			outputFileListPaths = (
			);
			outputPaths = (
				"$(DERIVED_FILE_DIR)/Pods-MapFinder-checkManifestLockResult.txt",
			);
			runOnlyForDeploymentPostprocessing = 0;
			shellPath = /bin/sh;
			shellScript = "diff \"${PODS_PODFILE_DIR_PATH}/Podfile.lock\" \"${PODS_ROOT}/Manifest.lock\" > /dev/null\nif [ $? != 0 ] ; then\n    # print error to STDERR\n    echo \"error: The sandbox is not in sync with the Podfile.lock. Run 'pod install' or update your CocoaPods installation.\" >&2\n    exit 1\nfi\n# This output is used by Xcode 'outputs' to avoid re-running this script phase.\necho \"SUCCESS\" > \"${SCRIPT_OUTPUT_FILE_0}\"\n";
			showEnvVarsInLog = 0;
		};
		E566DA6053AF2EF79C49AACD /* [CP] Embed Pods Frameworks */ = {
			isa = PBXShellScriptBuildPhase;
			buildActionMask = 2147483647;
			files = (
			);
			inputFileListPaths = (
				"${PODS_ROOT}/Target Support Files/Pods-MapFinder/Pods-MapFinder-frameworks-${CONFIGURATION}-input-files.xcfilelist",
			);
			name = "[CP] Embed Pods Frameworks";
			outputFileListPaths = (
				"${PODS_ROOT}/Target Support Files/Pods-MapFinder/Pods-MapFinder-frameworks-${CONFIGURATION}-output-files.xcfilelist",
			);
			runOnlyForDeploymentPostprocessing = 0;
			shellPath = /bin/sh;
			shellScript = "\"${PODS_ROOT}/Target Support Files/Pods-MapFinder/Pods-MapFinder-frameworks.sh\"\n";
			showEnvVarsInLog = 0;
		};
/* End PBXShellScriptBuildPhase section */

/* Begin PBXSourcesBuildPhase section */
		4959A2842496DEA400EA4EB1 /* Sources */ = {
			isa = PBXSourcesBuildPhase;
			buildActionMask = 2147483647;
			files = (
				4959A2A82499B26900EA4EB1 /* Utility.swift in Sources */,
				49228B2A24A5593C00CBB1C5 /* CollectionViewCell.swift in Sources */,
				4959A2A22497472500EA4EB1 /* RestaurantJSON.swift in Sources */,
				4959A2AE2499F79A00EA4EB1 /* NetworkGurunaviService.swift in Sources */,
				4959A2A42498ABD700EA4EB1 /* RoundButton.swift in Sources */,
				4959A2902496DEA400EA4EB1 /* MapVC.swift in Sources */,
				49228B2224A325A100CBB1C5 /* MyFloatingPanelLayout.swift in Sources */,
				4959A28C2496DEA400EA4EB1 /* AppDelegate.swift in Sources */,
				4998D76A249EEB70002907BD /* Restaurant.swift in Sources */,
				49228B2824A54F5B00CBB1C5 /* CollectionViewController.swift in Sources */,
				49228B2024A324EB00CBB1C5 /* RestAnnotation.swift in Sources */,
				4959A2A62499AED800EA4EB1 /* NetworkFourSquareService.swift in Sources */,
				4998D76C249EF5E5002907BD /* ResultJSON.swift in Sources */,
				4959A28E2496DEA400EA4EB1 /* SceneDelegate.swift in Sources */,
				49228B2624A3769000CBB1C5 /* WebVC.swift in Sources */,
				49228B2424A3583A00CBB1C5 /* SelectedVC.swift in Sources */,
				4998D768249D8B10002907BD /* SemiModalVC.swift in Sources */,
			);
			runOnlyForDeploymentPostprocessing = 0;
		};
/* End PBXSourcesBuildPhase section */

/* Begin PBXVariantGroup section */
		4959A2912496DEA400EA4EB1 /* Main.storyboard */ = {
			isa = PBXVariantGroup;
			children = (
				4959A2922496DEA400EA4EB1 /* Base */,
				4959A29F2496FB4E00EA4EB1 /* ja */,
			);
			name = Main.storyboard;
			sourceTree = "<group>";
		};
		4959A2962496DEA500EA4EB1 /* LaunchScreen.storyboard */ = {
			isa = PBXVariantGroup;
			children = (
				4959A2972496DEA500EA4EB1 /* Base */,
				4959A2A02496FB4E00EA4EB1 /* ja */,
			);
			name = LaunchScreen.storyboard;
			sourceTree = "<group>";
		};
/* End PBXVariantGroup section */

/* Begin XCBuildConfiguration section */
		4959A29A2496DEA500EA4EB1 /* Debug */ = {
			isa = XCBuildConfiguration;
			buildSettings = {
				ALWAYS_SEARCH_USER_PATHS = NO;
				CLANG_ANALYZER_LOCALIZABILITY_NONLOCALIZED = YES;
				CLANG_ANALYZER_NONNULL = YES;
				CLANG_ANALYZER_NUMBER_OBJECT_CONVERSION = YES_AGGRESSIVE;
				CLANG_CXX_LANGUAGE_STANDARD = "gnu++14";
				CLANG_CXX_LIBRARY = "libc++";
				CLANG_ENABLE_MODULES = YES;
				CLANG_ENABLE_OBJC_ARC = YES;
				CLANG_ENABLE_OBJC_WEAK = YES;
				CLANG_WARN_BLOCK_CAPTURE_AUTORELEASING = YES;
				CLANG_WARN_BOOL_CONVERSION = YES;
				CLANG_WARN_COMMA = YES;
				CLANG_WARN_CONSTANT_CONVERSION = YES;
				CLANG_WARN_DEPRECATED_OBJC_IMPLEMENTATIONS = YES;
				CLANG_WARN_DIRECT_OBJC_ISA_USAGE = YES_ERROR;
				CLANG_WARN_DOCUMENTATION_COMMENTS = YES;
				CLANG_WARN_EMPTY_BODY = YES;
				CLANG_WARN_ENUM_CONVERSION = YES;
				CLANG_WARN_INFINITE_RECURSION = YES;
				CLANG_WARN_INT_CONVERSION = YES;
				CLANG_WARN_NON_LITERAL_NULL_CONVERSION = YES;
				CLANG_WARN_OBJC_IMPLICIT_RETAIN_SELF = YES;
				CLANG_WARN_OBJC_LITERAL_CONVERSION = YES;
				CLANG_WARN_OBJC_ROOT_CLASS = YES_ERROR;
				CLANG_WARN_RANGE_LOOP_ANALYSIS = YES;
				CLANG_WARN_STRICT_PROTOTYPES = YES;
				CLANG_WARN_SUSPICIOUS_MOVE = YES;
				CLANG_WARN_UNGUARDED_AVAILABILITY = YES_AGGRESSIVE;
				CLANG_WARN_UNREACHABLE_CODE = YES;
				CLANG_WARN__DUPLICATE_METHOD_MATCH = YES;
				COPY_PHASE_STRIP = NO;
				DEBUG_INFORMATION_FORMAT = dwarf;
				ENABLE_STRICT_OBJC_MSGSEND = YES;
				ENABLE_TESTABILITY = YES;
				GCC_C_LANGUAGE_STANDARD = gnu11;
				GCC_DYNAMIC_NO_PIC = NO;
				GCC_NO_COMMON_BLOCKS = YES;
				GCC_OPTIMIZATION_LEVEL = 0;
				GCC_PREPROCESSOR_DEFINITIONS = (
					"DEBUG=1",
					"$(inherited)",
				);
				GCC_WARN_64_TO_32_BIT_CONVERSION = YES;
				GCC_WARN_ABOUT_RETURN_TYPE = YES_ERROR;
				GCC_WARN_UNDECLARED_SELECTOR = YES;
				GCC_WARN_UNINITIALIZED_AUTOS = YES_AGGRESSIVE;
				GCC_WARN_UNUSED_FUNCTION = YES;
				GCC_WARN_UNUSED_VARIABLE = YES;
				IPHONEOS_DEPLOYMENT_TARGET = 13.5;
				MTL_ENABLE_DEBUG_INFO = INCLUDE_SOURCE;
				MTL_FAST_MATH = YES;
				ONLY_ACTIVE_ARCH = YES;
				SDKROOT = iphoneos;
				SWIFT_ACTIVE_COMPILATION_CONDITIONS = DEBUG;
				SWIFT_OPTIMIZATION_LEVEL = "-Onone";
			};
			name = Debug;
		};
		4959A29B2496DEA500EA4EB1 /* Release */ = {
			isa = XCBuildConfiguration;
			buildSettings = {
				ALWAYS_SEARCH_USER_PATHS = NO;
				CLANG_ANALYZER_LOCALIZABILITY_NONLOCALIZED = YES;
				CLANG_ANALYZER_NONNULL = YES;
				CLANG_ANALYZER_NUMBER_OBJECT_CONVERSION = YES_AGGRESSIVE;
				CLANG_CXX_LANGUAGE_STANDARD = "gnu++14";
				CLANG_CXX_LIBRARY = "libc++";
				CLANG_ENABLE_MODULES = YES;
				CLANG_ENABLE_OBJC_ARC = YES;
				CLANG_ENABLE_OBJC_WEAK = YES;
				CLANG_WARN_BLOCK_CAPTURE_AUTORELEASING = YES;
				CLANG_WARN_BOOL_CONVERSION = YES;
				CLANG_WARN_COMMA = YES;
				CLANG_WARN_CONSTANT_CONVERSION = YES;
				CLANG_WARN_DEPRECATED_OBJC_IMPLEMENTATIONS = YES;
				CLANG_WARN_DIRECT_OBJC_ISA_USAGE = YES_ERROR;
				CLANG_WARN_DOCUMENTATION_COMMENTS = YES;
				CLANG_WARN_EMPTY_BODY = YES;
				CLANG_WARN_ENUM_CONVERSION = YES;
				CLANG_WARN_INFINITE_RECURSION = YES;
				CLANG_WARN_INT_CONVERSION = YES;
				CLANG_WARN_NON_LITERAL_NULL_CONVERSION = YES;
				CLANG_WARN_OBJC_IMPLICIT_RETAIN_SELF = YES;
				CLANG_WARN_OBJC_LITERAL_CONVERSION = YES;
				CLANG_WARN_OBJC_ROOT_CLASS = YES_ERROR;
				CLANG_WARN_RANGE_LOOP_ANALYSIS = YES;
				CLANG_WARN_STRICT_PROTOTYPES = YES;
				CLANG_WARN_SUSPICIOUS_MOVE = YES;
				CLANG_WARN_UNGUARDED_AVAILABILITY = YES_AGGRESSIVE;
				CLANG_WARN_UNREACHABLE_CODE = YES;
				CLANG_WARN__DUPLICATE_METHOD_MATCH = YES;
				COPY_PHASE_STRIP = NO;
				DEBUG_INFORMATION_FORMAT = "dwarf-with-dsym";
				ENABLE_NS_ASSERTIONS = NO;
				ENABLE_STRICT_OBJC_MSGSEND = YES;
				GCC_C_LANGUAGE_STANDARD = gnu11;
				GCC_NO_COMMON_BLOCKS = YES;
				GCC_WARN_64_TO_32_BIT_CONVERSION = YES;
				GCC_WARN_ABOUT_RETURN_TYPE = YES_ERROR;
				GCC_WARN_UNDECLARED_SELECTOR = YES;
				GCC_WARN_UNINITIALIZED_AUTOS = YES_AGGRESSIVE;
				GCC_WARN_UNUSED_FUNCTION = YES;
				GCC_WARN_UNUSED_VARIABLE = YES;
				IPHONEOS_DEPLOYMENT_TARGET = 13.5;
				MTL_ENABLE_DEBUG_INFO = NO;
				MTL_FAST_MATH = YES;
				SDKROOT = iphoneos;
				SWIFT_COMPILATION_MODE = wholemodule;
				SWIFT_OPTIMIZATION_LEVEL = "-O";
				VALIDATE_PRODUCT = YES;
			};
			name = Release;
		};
		4959A29D2496DEA500EA4EB1 /* Debug */ = {
			isa = XCBuildConfiguration;
			baseConfigurationReference = D73E4C43A6C1814CEBCAC57E /* Pods-MapFinder.debug.xcconfig */;
			buildSettings = {
				ASSETCATALOG_COMPILER_APPICON_NAME = AppIcon;
				CODE_SIGN_STYLE = Automatic;
				DEVELOPMENT_TEAM = JRS5C5MM38;
				INFOPLIST_FILE = MapFinder/Info.plist;
				LD_RUNPATH_SEARCH_PATHS = (
					"$(inherited)",
					"@executable_path/Frameworks",
				);
				MARKETING_VERSION = 1.1;
				PRODUCT_BUNDLE_IDENTIFIER = com.gmail.at.mc1.18.FoodFinder;
				PRODUCT_NAME = FoodFinder;
				SWIFT_VERSION = 5.0;
				TARGETED_DEVICE_FAMILY = "1,2";
			};
			name = Debug;
		};
		4959A29E2496DEA500EA4EB1 /* Release */ = {
			isa = XCBuildConfiguration;
			baseConfigurationReference = 0BC987CBC7FF4667DB129B55 /* Pods-MapFinder.release.xcconfig */;
			buildSettings = {
				ASSETCATALOG_COMPILER_APPICON_NAME = AppIcon;
				CODE_SIGN_STYLE = Automatic;
				DEVELOPMENT_TEAM = JRS5C5MM38;
				INFOPLIST_FILE = MapFinder/Info.plist;
				LD_RUNPATH_SEARCH_PATHS = (
					"$(inherited)",
					"@executable_path/Frameworks",
				);
				MARKETING_VERSION = 1.1;
				PRODUCT_BUNDLE_IDENTIFIER = com.gmail.at.mc1.18.FoodFinder;
				PRODUCT_NAME = FoodFinder;
				SWIFT_VERSION = 5.0;
				TARGETED_DEVICE_FAMILY = "1,2";
			};
			name = Release;
		};
/* End XCBuildConfiguration section */

/* Begin XCConfigurationList section */
		4959A2832496DEA400EA4EB1 /* Build configuration list for PBXProject "MapFinder" */ = {
			isa = XCConfigurationList;
			buildConfigurations = (
				4959A29A2496DEA500EA4EB1 /* Debug */,
				4959A29B2496DEA500EA4EB1 /* Release */,
			);
			defaultConfigurationIsVisible = 0;
			defaultConfigurationName = Release;
		};
		4959A29C2496DEA500EA4EB1 /* Build configuration list for PBXNativeTarget "MapFinder" */ = {
			isa = XCConfigurationList;
			buildConfigurations = (
				4959A29D2496DEA500EA4EB1 /* Debug */,
				4959A29E2496DEA500EA4EB1 /* Release */,
			);
			defaultConfigurationIsVisible = 0;
			defaultConfigurationName = Release;
		};
/* End XCConfigurationList section */
	};
	rootObject = 4959A2802496DEA400EA4EB1 /* Project object */;
}
